{
  "name": "@zerobias-org/framework-iec-60601-2021",
  "version": "2.0.2",
  "lockfileVersion": 3,
  "requires": true,
  "packages": {
    "": {
      "name": "@zerobias-org/framework-iec-60601-2021",
      "version": "2.0.2",
      "license": "ISC",
      "dependencies": {
        "@zerobias-org/suite-iec-60601": "latest"
      }
    },
    "node_modules/@zerobias-org/suite-iec-60601": {
      "version": "2.0.0",
      "resolved": "https://pkg.zerobias.org/@zerobias-org/suite-iec-60601/-/suite-iec-60601-2.0.0.tgz",
      "integrity": "sha512-rdU31PPd++H7W4hwaTSbHtnSReLbUngb31+l55e8i/oM5vieai3Z0XjE3ZY1sQGHJpanGN2ktggsxcBxP5zMTg==",
      "license": "ISC",
      "dependencies": {
        "@zerobias-org/vendor-iec": "latest"
      }
    },
    "node_modules/@zerobias-org/vendor-iec": {
      "version": "2.0.0",
      "resolved": "https://pkg.zerobias.org/@zerobias-org/vendor-iec/-/vendor-iec-2.0.0.tgz",
      "integrity": "sha512-b72uG/IHYH1qqJY2ifu7cp6y8LEcpmP16uAMVl6aoYikEg02Q7KDoJEcxlFt5pH++tssCIrddeW3ZazCitBMSQ==",
      "license": "ISC"
    }
  }
}
