{
  "name": "@zerobias-org/framework-eu-dora-2023",
  "version": "1.0.0",
  "lockfileVersion": 3,
  "requires": true,
  "packages": {
    "": {
      "name": "@zerobias-org/framework-eu-dora-2023",
      "version": "1.0.0",
      "license": "ISC",
      "dependencies": {
        "@zerobias-org/suite-eu-dora": "latest"
      },
      "engines": {
        "node": ">=16.11.0",
        "npm": ">=8.0.0"
      }
    },
    "node_modules/@zerobias-org/suite-eu-dora": {
      "version": "1.0.2",
      "resolved": "https://pkg.zerobias.org/@zerobias-org/suite-eu-dora/-/suite-eu-dora-1.0.2.tgz",
      "integrity": "sha512-NF7AZebJTOEfiMd4hjIQ78m0gXzQ3jASb9xgn2wi5cyZPrwq9+WBHwEH93L18F8VFZqF8pTCzTtPkDf6nX4rxw==",
      "license": "ISC",
      "dependencies": {
        "@zerobias-org/vendor-eu": "latest"
      },
      "engines": {
        "node": ">=16.11.0",
        "npm": ">=8.0.0"
      }
    },
    "node_modules/@zerobias-org/vendor-eu": {
      "version": "1.0.2",
      "resolved": "https://pkg.zerobias.org/@zerobias-org/vendor-eu/-/vendor-eu-1.0.2.tgz",
      "integrity": "sha512-cjiUsmH/AlgqEL9ypYsabdF8ZPeVx/OZhoF4P07S+JI9EN53ZvdrTkvsFaSwojDAuC9A23qKTV2s4Url2HgcTQ==",
      "license": "ISC",
      "engines": {
        "node": ">=16.11.0",
        "npm": ">=8.0.0"
      }
    }
  }
}
