{
  "name": "@zerobias-org/framework-nist-csf-v2",
  "version": "2.0.2",
  "lockfileVersion": 3,
  "requires": true,
  "packages": {
    "": {
      "name": "@zerobias-org/framework-nist-csf-v2",
      "version": "2.0.2",
      "license": "ISC",
      "dependencies": {
        "@zerobias-org/suite-nist-csf": "latest"
      }
    },
    "node_modules/@zerobias-org/suite-nist-csf": {
      "version": "2.0.0",
      "resolved": "https://pkg.zerobias.org/@zerobias-org/suite-nist-csf/-/suite-nist-csf-2.0.0.tgz",
      "integrity": "sha512-/kCE+GQlZSkKKMgSnDjUrOFuT/X4aqbxi8HTRJl+/XKS97+5u99GtcsmzLjKEvC/oBA764386IvmLd0zcTsRSw==",
      "license": "ISC",
      "dependencies": {
        "@zerobias-org/vendor-nist": "latest"
      }
    },
    "node_modules/@zerobias-org/vendor-nist": {
      "version": "2.0.0",
      "resolved": "https://pkg.zerobias.org/@zerobias-org/vendor-nist/-/vendor-nist-2.0.0.tgz",
      "integrity": "sha512-IIHPPWoQiC8mTyCtsc104w+cuaz80RzzomCVNqpTtnpRx9YqtlJ781vN47eQM8yrpHIKZmsR8oCvoI5zwlX5KQ==",
      "license": "ISC"
    }
  }
}
