{
  "name": "@zerobias-org/framework-iso-27001-2022",
  "version": "1.1.0",
  "lockfileVersion": 3,
  "requires": true,
  "packages": {
    "": {
      "name": "@zerobias-org/framework-iso-27001-2022",
      "version": "1.1.0",
      "license": "ISC",
      "dependencies": {
        "@zerobias-org/suite-iso-27001": "latest"
      },
      "engines": {
        "node": ">=16.11.0",
        "npm": ">=8.0.0"
      }
    },
    "node_modules/@zerobias-org/suite-iso-27001": {
      "version": "1.0.8",
      "resolved": "https://pkg.zerobias.org/@zerobias-org/suite-iso-27001/-/suite-iso-27001-1.0.8.tgz",
      "integrity": "sha512-4ZnVz6Mal4vBg/X7J/Yazon2RBfldImhX8ki6IcaPfJLTft8zUGydduyPDCiIg4Wp6GLOcum27MdC4vLhu/Ucw==",
      "license": "ISC",
      "dependencies": {
        "@zerobias-org/vendor-iso": "latest"
      }
    },
    "node_modules/@zerobias-org/vendor-iso": {
      "version": "1.0.5",
      "resolved": "https://pkg.zerobias.org/@zerobias-org/vendor-iso/-/vendor-iso-1.0.5.tgz",
      "integrity": "sha512-LsubI5Og0TUJ4P15kuDXMq/nbxtSj2XDYG6Oza4B+JPmfdhXINh0CdEfCwJhV0yZTIFdy3hgnVVwQLQg2asSoQ==",
      "license": "ISC"
    }
  }
}
