{
  "name": "@zerobias-org/framework-cis-csc-v8_1",
  "version": "1.0.0",
  "lockfileVersion": 3,
  "requires": true,
  "packages": {
    "": {
      "name": "@zerobias-org/framework-cis-csc-v8_1",
      "version": "1.0.0",
      "license": "ISC",
      "dependencies": {
        "@zerobias-org/suite-cis-csc": "latest"
      },
      "engines": {
        "node": ">=16.11.0",
        "npm": ">=8.0.0"
      }
    },
    "node_modules/@zerobias-org/suite-cis-csc": {
      "version": "1.0.2",
      "resolved": "https://pkg.zerobias.org/@zerobias-org/suite-cis-csc/-/suite-cis-csc-1.0.2.tgz",
      "integrity": "sha512-86mjDG4A/wy0qczSqxHu0uffAbUo12PV6j619fWcEAP24qoi0EfXA1oQvGRC8g4ICiGBQIttoSinB5dtbZqVOQ==",
      "license": "ISC",
      "dependencies": {
        "@zerobias-org/vendor-cis": "latest"
      },
      "engines": {
        "node": ">=16.11.0",
        "npm": ">=8.0.0"
      }
    },
    "node_modules/@zerobias-org/vendor-cis": {
      "version": "0.1.4",
      "resolved": "https://pkg.zerobias.org/@zerobias-org/vendor-cis/-/vendor-cis-0.1.4.tgz",
      "integrity": "sha512-9MbW8CXGGxKwbjaPxDNIRB0CNdktdgIFaZjnchs0icF3RUdiciCtFps1FCB3lw9oynnBfBX8VULRkll5Lg1qrw==",
      "license": "ISC"
    }
  }
}
