{
  "name": "@zerobias-org/framework-us_ca-cpra-2022",
  "version": "1.1.0",
  "lockfileVersion": 3,
  "requires": true,
  "packages": {
    "": {
      "name": "@zerobias-org/framework-us_ca-cpra-2022",
      "version": "1.1.0",
      "license": "ISC",
      "dependencies": {
        "@zerobias-org/suite-us_ca-cpra": "latest"
      },
      "engines": {
        "node": ">=16.11.0",
        "npm": ">=8.0.0"
      }
    },
    "node_modules/@zerobias-org/suite-us_ca-cpra": {
      "version": "1.0.2",
      "resolved": "https://pkg.zerobias.org/@zerobias-org/suite-us_ca-cpra/-/suite-us_ca-cpra-1.0.2.tgz",
      "integrity": "sha512-1HXIY/zdn6/f8rKHNj6+4QWcgy6JUBPfGCU5C58Ny6kBIPYlfMxmkBooygFWL9DyEtKyVXrN/3xa7iOS/hOshg==",
      "license": "ISC",
      "dependencies": {
        "@zerobias-org/vendor-us_ca": "latest"
      },
      "engines": {
        "node": ">=16.11.0",
        "npm": ">=8.0.0"
      }
    },
    "node_modules/@zerobias-org/vendor-us_ca": {
      "version": "1.0.2",
      "resolved": "https://pkg.zerobias.org/@zerobias-org/vendor-us_ca/-/vendor-us_ca-1.0.2.tgz",
      "integrity": "sha512-oLp/1NpmxWv5ELdTGWUBJqFKRVNL+qGHRh0snpwZ6tR6oIDNXLVMhk1FfsqeINR3Pbgqj9z/f6gMEGtnO2r9tg==",
      "license": "ISC",
      "engines": {
        "node": ">=16.11.0",
        "npm": ">=8.0.0"
      }
    }
  }
}
