{
  "name": "@zerobias-org/framework-nist-800-171-rev3",
  "version": "2.0.2",
  "lockfileVersion": 3,
  "requires": true,
  "packages": {
    "": {
      "name": "@zerobias-org/framework-nist-800-171-rev3",
      "version": "2.0.2",
      "license": "ISC",
      "dependencies": {
        "@zerobias-org/suite-nist-800-171": "latest"
      }
    },
    "node_modules/@zerobias-org/suite-nist-800-171": {
      "version": "1.0.1",
      "resolved": "https://pkg.zerobias.org/@zerobias-org/suite-nist-800-171/-/suite-nist-800-171-1.0.1.tgz",
      "integrity": "sha512-r58oiULrJWHHzFzrW+L3Vm4pBNIcBOrTLPUA3Rqozo0YJ5MwUFZ8n8TyJWQk48ZhZBf4dNpbHT2gzXOAxm/fvw==",
      "license": "ISC",
      "dependencies": {
        "@zerobias-org/vendor-nist": "latest"
      }
    },
    "node_modules/@zerobias-org/vendor-nist": {
      "version": "2.0.0",
      "resolved": "https://pkg.zerobias.org/@zerobias-org/vendor-nist/-/vendor-nist-2.0.0.tgz",
      "integrity": "sha512-IIHPPWoQiC8mTyCtsc104w+cuaz80RzzomCVNqpTtnpRx9YqtlJ781vN47eQM8yrpHIKZmsR8oCvoI5zwlX5KQ==",
      "license": "ISC"
    }
  }
}
