{
  "name": "@zerobias-org/framework-us-glba-2023",
  "version": "1.1.0",
  "lockfileVersion": 3,
  "requires": true,
  "packages": {
    "": {
      "name": "@zerobias-org/framework-us-glba-2023",
      "version": "1.1.0",
      "license": "ISC",
      "dependencies": {
        "@zerobias-org/suite-us-glba": "latest"
      },
      "engines": {
        "node": ">=16.11.0",
        "npm": ">=8.0.0"
      }
    },
    "node_modules/@zerobias-org/suite-us-glba": {
      "version": "1.0.2",
      "resolved": "https://pkg.zerobias.org/@zerobias-org/suite-us-glba/-/suite-us-glba-1.0.2.tgz",
      "integrity": "sha512-ciuZO6WN3/qnjmSujVuBphPX4z9LqYrXLOKV5fCZppm7aT+Jx26iNaqB0HEO7DKA4ddWMenUfYlCG4M7hsN6Xw==",
      "license": "ISC",
      "dependencies": {
        "@zerobias-org/vendor-us": "latest"
      },
      "engines": {
        "node": ">=16.11.0",
        "npm": ">=8.0.0"
      }
    },
    "node_modules/@zerobias-org/vendor-us": {
      "version": "1.0.2",
      "resolved": "https://pkg.zerobias.org/@zerobias-org/vendor-us/-/vendor-us-1.0.2.tgz",
      "integrity": "sha512-LXb06Hu7rfX0Xwcq2uxXs8W1HnTBOGAvTZwabTNYB0f/hm9FWqjHm4iKB6UTOmu3yK+cSq/Z08PirhZilqIIUg==",
      "license": "ISC",
      "engines": {
        "node": ">=16.11.0",
        "npm": ">=8.0.0"
      }
    }
  }
}
