{
  "name": "@zerobias-org/framework-nist-800_172a-v1_0_0",
  "version": "1.0.0",
  "lockfileVersion": 3,
  "requires": true,
  "packages": {
    "": {
      "name": "@zerobias-org/framework-nist-800_172a-v1_0_0",
      "version": "1.0.0",
      "license": "ISC",
      "dependencies": {
        "@zerobias-org/suite-nist-800_172a": "^1.1.0-rc.1"
      }
    },
    "node_modules/@zerobias-org/suite-nist-800_172a": {
      "version": "1.1.0-rc.1",
      "resolved": "https://pkg.zerobias.org/@zerobias-org/suite-nist-800_172a/-/suite-nist-800_172a-1.1.0-rc.1.tgz",
      "integrity": "sha512-VCyl2uSHm1vUbA9t2u9Ks5Wx3GZzukX6nh8ruB+3/VsZmpfH1DKQE7OkJJYQp9sF/qKXvYzL1/BBZEKw5zEpVw==",
      "license": "ISC",
      "dependencies": {
        "@zerobias-org/vendor-nist": "latest"
      },
      "engines": {
        "node": ">=16.11.0",
        "npm": ">=8.0.0"
      }
    },
    "node_modules/@zerobias-org/vendor-nist": {
      "version": "1.0.9",
      "resolved": "https://pkg.zerobias.org/@zerobias-org/vendor-nist/-/vendor-nist-1.0.9.tgz",
      "integrity": "sha512-8o0TO0+3Jq7QjHodevemfWGnqscNhZy/pGVHaI+pF8L/VH3GnTMj7TOlAAitq9ZQM46F30vvHyeMtEZBhuGCbw==",
      "license": "ISC"
    }
  }
}
