{
  "name": "@zerobias-org/framework-nist-800_207-v1",
  "version": "1.1.0",
  "lockfileVersion": 3,
  "requires": true,
  "packages": {
    "": {
      "name": "@zerobias-org/framework-nist-800_207-v1",
      "version": "1.1.0",
      "license": "ISC",
      "dependencies": {
        "@zerobias-org/suite-nist-800_207": "latest"
      },
      "engines": {
        "node": ">=16.11.0",
        "npm": ">=8.0.0"
      }
    },
    "node_modules/@zerobias-org/suite-nist-800_207": {
      "version": "1.0.2",
      "resolved": "https://pkg.zerobias.org/@zerobias-org/suite-nist-800_207/-/suite-nist-800_207-1.0.2.tgz",
      "integrity": "sha512-Ul4UrGrBSYA3jGYSGVj7MfqFbj2HsnirWtANT3eevlhU5t3Vc338tbTEGE19NgHqFIFFxRiO5jC8GUvPNHqwRA==",
      "license": "ISC",
      "dependencies": {
        "@zerobias-org/vendor-nist": "latest"
      },
      "engines": {
        "node": ">=16.11.0",
        "npm": ">=8.0.0"
      }
    },
    "node_modules/@zerobias-org/vendor-nist": {
      "version": "1.0.9",
      "resolved": "https://pkg.zerobias.org/@zerobias-org/vendor-nist/-/vendor-nist-1.0.9.tgz",
      "integrity": "sha512-8o0TO0+3Jq7QjHodevemfWGnqscNhZy/pGVHaI+pF8L/VH3GnTMj7TOlAAitq9ZQM46F30vvHyeMtEZBhuGCbw==",
      "license": "ISC"
    }
  }
}
