{
  "name": "@zerobias-org/framework-iso-42001-2023",
  "version": "2.0.2",
  "lockfileVersion": 3,
  "requires": true,
  "packages": {
    "": {
      "name": "@zerobias-org/framework-iso-42001-2023",
      "version": "2.0.2",
      "license": "ISC",
      "dependencies": {
        "@zerobias-org/suite-iso-42001": "latest"
      }
    },
    "node_modules/@zerobias-org/suite-iso-42001": {
      "version": "2.0.0",
      "resolved": "https://pkg.zerobias.org/@zerobias-org/suite-iso-42001/-/suite-iso-42001-2.0.0.tgz",
      "integrity": "sha512-ag94SLMnwCfe0b5mDIJ/ebLe6pcqRgI9c/tJwk/RMxOEyzmkbyR8ruo6eG6NTPVxKAGcFQLkGHEz1wJ2ScW1gA==",
      "license": "ISC",
      "dependencies": {
        "@zerobias-org/vendor-iso": "latest"
      }
    },
    "node_modules/@zerobias-org/vendor-iso": {
      "version": "2.0.0",
      "resolved": "https://pkg.zerobias.org/@zerobias-org/vendor-iso/-/vendor-iso-2.0.0.tgz",
      "integrity": "sha512-eFduc8AectXL+4SO+zTkQLRRXhh8EPYH5HlY1sQcs3NzMgMp8/HI4JZzYNiIvV5gPdGY9QK1dUIctFc2lNGZYg==",
      "license": "ISC"
    }
  }
}
