{
  "name": "@zerobias-org/framework-iso-27002-2022",
  "version": "1.0.0",
  "lockfileVersion": 3,
  "requires": true,
  "packages": {
    "": {
      "name": "@zerobias-org/framework-iso-27002-2022",
      "version": "1.0.0",
      "license": "ISC",
      "dependencies": {
        "@zerobias-org/suite-iso-27002": "latest"
      },
      "engines": {
        "node": ">=16.11.0",
        "npm": ">=8.0.0"
      }
    },
    "node_modules/@zerobias-org/suite-iso-27002": {
      "version": "1.0.2",
      "resolved": "https://pkg.zerobias.org/@zerobias-org/suite-iso-27002/-/suite-iso-27002-1.0.2.tgz",
      "integrity": "sha512-6ZgqmNH8TFnHTTFuuuOewZLBVY9oO3FCiozvVpsiFuJw4joeknUlG59Y0mHStu4eY1eEVOsUfALvkg+dd6j9gg==",
      "license": "ISC",
      "dependencies": {
        "@zerobias-org/vendor-iso": "latest"
      },
      "engines": {
        "node": ">=16.11.0",
        "npm": ">=8.0.0"
      }
    },
    "node_modules/@zerobias-org/vendor-iso": {
      "version": "1.0.5",
      "resolved": "https://pkg.zerobias.org/@zerobias-org/vendor-iso/-/vendor-iso-1.0.5.tgz",
      "integrity": "sha512-LsubI5Og0TUJ4P15kuDXMq/nbxtSj2XDYG6Oza4B+JPmfdhXINh0CdEfCwJhV0yZTIFdy3hgnVVwQLQg2asSoQ==",
      "license": "ISC"
    }
  }
}
