{
  "name": "@zerobias-org/framework-nist-ir8259b-v1",
  "version": "1.1.0-rc.0",
  "lockfileVersion": 3,
  "requires": true,
  "packages": {
    "": {
      "name": "@zerobias-org/framework-nist-ir8259b-v1",
      "version": "1.1.0-rc.0",
      "license": "ISC",
      "dependencies": {
        "@zerobias-org/suite-nist-ir8259b": "1.1.0-rc.2"
      }
    },
    "node_modules/@zerobias-org/suite-nist-ir8259b": {
      "version": "1.1.0-rc.2",
      "resolved": "https://pkg.zerobias.org/@zerobias-org/suite-nist-ir8259b/-/suite-nist-ir8259b-1.1.0-rc.2.tgz",
      "integrity": "sha512-BUZm9M+evbY84akTDN9/DYoOsDU14T9YCRrWbiR61KIH2dsbI7jbdjDqfxJlIA3311rXLJolw6jDkbg8Tb2L5Q==",
      "license": "ISC",
      "dependencies": {
        "@zerobias-org/vendor-nist": "latest"
      },
      "engines": {
        "node": ">=16.11.0",
        "npm": ">=8.0.0"
      }
    },
    "node_modules/@zerobias-org/vendor-nist": {
      "version": "1.0.9",
      "resolved": "https://pkg.zerobias.org/@zerobias-org/vendor-nist/-/vendor-nist-1.0.9.tgz",
      "integrity": "sha512-8o0TO0+3Jq7QjHodevemfWGnqscNhZy/pGVHaI+pF8L/VH3GnTMj7TOlAAitq9ZQM46F30vvHyeMtEZBhuGCbw==",
      "license": "ISC"
    }
  }
}
