{
  "name": "@zerobias-org/framework-nist-800_218-v1_1",
  "version": "2.0.2",
  "lockfileVersion": 3,
  "requires": true,
  "packages": {
    "": {
      "name": "@zerobias-org/framework-nist-800_218-v1_1",
      "version": "2.0.2",
      "license": "ISC",
      "dependencies": {
        "@zerobias-org/suite-nist-800_218": "latest"
      }
    },
    "node_modules/@zerobias-org/suite-nist-800_218": {
      "version": "2.0.1",
      "resolved": "https://pkg.zerobias.org/@zerobias-org/suite-nist-800_218/-/suite-nist-800_218-2.0.1.tgz",
      "integrity": "sha512-sSICkJdHKTQGHQF7rzB866ydtwmvYACEzYcQclg85FJQgkN/O1V+Q0dOS0jycbO98hA/gPfGIlJkV9klyAAn8A==",
      "license": "ISC",
      "dependencies": {
        "@zerobias-org/vendor-nist": "latest"
      }
    },
    "node_modules/@zerobias-org/vendor-nist": {
      "version": "2.0.0",
      "resolved": "https://pkg.zerobias.org/@zerobias-org/vendor-nist/-/vendor-nist-2.0.0.tgz",
      "integrity": "sha512-IIHPPWoQiC8mTyCtsc104w+cuaz80RzzomCVNqpTtnpRx9YqtlJ781vN47eQM8yrpHIKZmsR8oCvoI5zwlX5KQ==",
      "license": "ISC"
    }
  }
}
